
Microsoft Visual Studio Solution File, Format Version 12.00
# Visual Studio 15
VisualStudioVersion = 15.0.28010.2046
MinimumVisualStudioVersion = 10.0.40219.1
Project("{FAE04EC0-301F-11D3-BF4B-00C04F79EFBC}") = "Zadanie_5.8", "Zadanie_5.8\Zadanie_5.8.csproj", "{CF687DB8-B8F5-4DBC-9DC7-BC18A7230D50}"
EndProject
Global
	GlobalSection(SolutionConfigurationPlatforms) = preSolution
		Debug|Any CPU = Debug|Any CPU
		Release|Any CPU = Release|Any CPU
	EndGlobalSection
	GlobalSection(ProjectConfigurationPlatforms) = postSolution
		{CF687DB8-B8F5-4DBC-9DC7-BC18A7230D50}.Debug|Any CPU.ActiveCfg = Debug|Any CPU
		{CF687DB8-B8F5-4DBC-9DC7-BC18A7230D50}.Debug|Any CPU.Build.0 = Debug|Any CPU
		{CF687DB8-B8F5-4DBC-9DC7-BC18A7230D50}.Release|Any CPU.ActiveCfg = Release|Any CPU
		{CF687DB8-B8F5-4DBC-9DC7-BC18A7230D50}.Release|Any CPU.Build.0 = Release|Any CPU
	EndGlobalSection
	GlobalSection(SolutionProperties) = preSolution
		HideSolutionNode = FALSE
	EndGlobalSection
	GlobalSection(ExtensibilityGlobals) = postSolution
		SolutionGuid = {3F9B89C4-57B7-4891-9EEE-F85A80CA5F2B}
	EndGlobalSection
EndGlobal
