
Microsoft Visual Studio Solution File, Format Version 12.00
# Visual Studio 15
VisualStudioVersion = 15.0.28010.2046
MinimumVisualStudioVersion = 10.0.40219.1
Project("{FAE04EC0-301F-11D3-BF4B-00C04F79EFBC}") = "Zadania_przed_kolosem", "Zadania_przed_kolosem\Zadania_przed_kolosem.csproj", "{86FC81EF-57BB-4496-BBB4-0C07A6F7C7C5}"
EndProject
Global
	GlobalSection(SolutionConfigurationPlatforms) = preSolution
		Debug|Any CPU = Debug|Any CPU
		Release|Any CPU = Release|Any CPU
	EndGlobalSection
	GlobalSection(ProjectConfigurationPlatforms) = postSolution
		{86FC81EF-57BB-4496-BBB4-0C07A6F7C7C5}.Debug|Any CPU.ActiveCfg = Debug|Any CPU
		{86FC81EF-57BB-4496-BBB4-0C07A6F7C7C5}.Debug|Any CPU.Build.0 = Debug|Any CPU
		{86FC81EF-57BB-4496-BBB4-0C07A6F7C7C5}.Release|Any CPU.ActiveCfg = Release|Any CPU
		{86FC81EF-57BB-4496-BBB4-0C07A6F7C7C5}.Release|Any CPU.Build.0 = Release|Any CPU
	EndGlobalSection
	GlobalSection(SolutionProperties) = preSolution
		HideSolutionNode = FALSE
	EndGlobalSection
	GlobalSection(ExtensibilityGlobals) = postSolution
		SolutionGuid = {90D83239-FE2E-4532-B6E9-2C264F6598F1}
	EndGlobalSection
EndGlobal
