
Microsoft Visual Studio Solution File, Format Version 12.00
# Visual Studio 15
VisualStudioVersion = 15.0.28010.2046
MinimumVisualStudioVersion = 10.0.40219.1
Project("{FAE04EC0-301F-11D3-BF4B-00C04F79EFBC}") = "test", "test\test.csproj", "{B79C3EE4-3C8B-4F1D-884C-0BC1DD614948}"
EndProject
Global
	GlobalSection(SolutionConfigurationPlatforms) = preSolution
		Debug|Any CPU = Debug|Any CPU
		Release|Any CPU = Release|Any CPU
	EndGlobalSection
	GlobalSection(ProjectConfigurationPlatforms) = postSolution
		{B79C3EE4-3C8B-4F1D-884C-0BC1DD614948}.Debug|Any CPU.ActiveCfg = Debug|Any CPU
		{B79C3EE4-3C8B-4F1D-884C-0BC1DD614948}.Debug|Any CPU.Build.0 = Debug|Any CPU
		{B79C3EE4-3C8B-4F1D-884C-0BC1DD614948}.Release|Any CPU.ActiveCfg = Release|Any CPU
		{B79C3EE4-3C8B-4F1D-884C-0BC1DD614948}.Release|Any CPU.Build.0 = Release|Any CPU
	EndGlobalSection
	GlobalSection(SolutionProperties) = preSolution
		HideSolutionNode = FALSE
	EndGlobalSection
	GlobalSection(ExtensibilityGlobals) = postSolution
		SolutionGuid = {A55CB00E-3D86-499D-B684-C14EF328D71C}
	EndGlobalSection
EndGlobal
