
Microsoft Visual Studio Solution File, Format Version 12.00
# Visual Studio 15
VisualStudioVersion = 15.0.28010.2046
MinimumVisualStudioVersion = 10.0.40219.1
Project("{FAE04EC0-301F-11D3-BF4B-00C04F79EFBC}") = "Zadanie 4.10", "Zadanie 4.10\Zadanie 4.10.csproj", "{692BBA26-0567-43AA-9F45-FCF270B5ED3A}"
EndProject
Global
	GlobalSection(SolutionConfigurationPlatforms) = preSolution
		Debug|Any CPU = Debug|Any CPU
		Release|Any CPU = Release|Any CPU
	EndGlobalSection
	GlobalSection(ProjectConfigurationPlatforms) = postSolution
		{692BBA26-0567-43AA-9F45-FCF270B5ED3A}.Debug|Any CPU.ActiveCfg = Debug|Any CPU
		{692BBA26-0567-43AA-9F45-FCF270B5ED3A}.Debug|Any CPU.Build.0 = Debug|Any CPU
		{692BBA26-0567-43AA-9F45-FCF270B5ED3A}.Release|Any CPU.ActiveCfg = Release|Any CPU
		{692BBA26-0567-43AA-9F45-FCF270B5ED3A}.Release|Any CPU.Build.0 = Release|Any CPU
	EndGlobalSection
	GlobalSection(SolutionProperties) = preSolution
		HideSolutionNode = FALSE
	EndGlobalSection
	GlobalSection(ExtensibilityGlobals) = postSolution
		SolutionGuid = {8E89E599-F5C5-4E25-806B-77CBD8C3AD03}
	EndGlobalSection
EndGlobal
