
Microsoft Visual Studio Solution File, Format Version 12.00
# Visual Studio 15
VisualStudioVersion = 15.0.28307.421
MinimumVisualStudioVersion = 10.0.40219.1
Project("{FAE04EC0-301F-11D3-BF4B-00C04F79EFBC}") = "Przed-egzaminem-II-3", "Przed-egzaminem-II-3\Przed-egzaminem-II-3.csproj", "{6DE9CE2E-52E0-4916-B79E-DEA909FBF89E}"
EndProject
Global
	GlobalSection(SolutionConfigurationPlatforms) = preSolution
		Debug|Any CPU = Debug|Any CPU
		Release|Any CPU = Release|Any CPU
	EndGlobalSection
	GlobalSection(ProjectConfigurationPlatforms) = postSolution
		{6DE9CE2E-52E0-4916-B79E-DEA909FBF89E}.Debug|Any CPU.ActiveCfg = Debug|Any CPU
		{6DE9CE2E-52E0-4916-B79E-DEA909FBF89E}.Debug|Any CPU.Build.0 = Debug|Any CPU
		{6DE9CE2E-52E0-4916-B79E-DEA909FBF89E}.Release|Any CPU.ActiveCfg = Release|Any CPU
		{6DE9CE2E-52E0-4916-B79E-DEA909FBF89E}.Release|Any CPU.Build.0 = Release|Any CPU
	EndGlobalSection
	GlobalSection(SolutionProperties) = preSolution
		HideSolutionNode = FALSE
	EndGlobalSection
	GlobalSection(ExtensibilityGlobals) = postSolution
		SolutionGuid = {2A12498C-20C0-4B29-9745-AF9441C0F0BE}
	EndGlobalSection
EndGlobal
