
Microsoft Visual Studio Solution File, Format Version 12.00
# Visual Studio 15
VisualStudioVersion = 15.0.28010.2046
MinimumVisualStudioVersion = 10.0.40219.1
Project("{FAE04EC0-301F-11D3-BF4B-00C04F79EFBC}") = "Zadanie 4.6", "Zadanie 4.6\Zadanie 4.6.csproj", "{2CF14900-5B24-445A-935C-704F846726EE}"
EndProject
Global
	GlobalSection(SolutionConfigurationPlatforms) = preSolution
		Debug|Any CPU = Debug|Any CPU
		Release|Any CPU = Release|Any CPU
	EndGlobalSection
	GlobalSection(ProjectConfigurationPlatforms) = postSolution
		{2CF14900-5B24-445A-935C-704F846726EE}.Debug|Any CPU.ActiveCfg = Debug|Any CPU
		{2CF14900-5B24-445A-935C-704F846726EE}.Debug|Any CPU.Build.0 = Debug|Any CPU
		{2CF14900-5B24-445A-935C-704F846726EE}.Release|Any CPU.ActiveCfg = Release|Any CPU
		{2CF14900-5B24-445A-935C-704F846726EE}.Release|Any CPU.Build.0 = Release|Any CPU
	EndGlobalSection
	GlobalSection(SolutionProperties) = preSolution
		HideSolutionNode = FALSE
	EndGlobalSection
	GlobalSection(ExtensibilityGlobals) = postSolution
		SolutionGuid = {8578891A-16A7-45D0-A30C-2BF668802594}
	EndGlobalSection
EndGlobal
