
Microsoft Visual Studio Solution File, Format Version 12.00
# Visual Studio 15
VisualStudioVersion = 15.0.28307.421
MinimumVisualStudioVersion = 10.0.40219.1
Project("{FAE04EC0-301F-11D3-BF4B-00C04F79EFBC}") = "Zajecia-19.03.2019", "Zajecia-19.03.2019\Zajecia-19.03.2019.csproj", "{79E30EC4-89F0-4A56-99DB-7C73516C840D}"
EndProject
Global
	GlobalSection(SolutionConfigurationPlatforms) = preSolution
		Debug|Any CPU = Debug|Any CPU
		Release|Any CPU = Release|Any CPU
	EndGlobalSection
	GlobalSection(ProjectConfigurationPlatforms) = postSolution
		{79E30EC4-89F0-4A56-99DB-7C73516C840D}.Debug|Any CPU.ActiveCfg = Debug|Any CPU
		{79E30EC4-89F0-4A56-99DB-7C73516C840D}.Debug|Any CPU.Build.0 = Debug|Any CPU
		{79E30EC4-89F0-4A56-99DB-7C73516C840D}.Release|Any CPU.ActiveCfg = Release|Any CPU
		{79E30EC4-89F0-4A56-99DB-7C73516C840D}.Release|Any CPU.Build.0 = Release|Any CPU
	EndGlobalSection
	GlobalSection(SolutionProperties) = preSolution
		HideSolutionNode = FALSE
	EndGlobalSection
	GlobalSection(ExtensibilityGlobals) = postSolution
		SolutionGuid = {00E11EC7-ABD4-4F48-B045-639B2C106D83}
	EndGlobalSection
EndGlobal
