
Microsoft Visual Studio Solution File, Format Version 12.00
# Visual Studio 15
VisualStudioVersion = 15.0.28010.2046
MinimumVisualStudioVersion = 10.0.40219.1
Project("{FAE04EC0-301F-11D3-BF4B-00C04F79EFBC}") = "Zadanie 12.2", "Zadanie 12.2\Zadanie 12.2.csproj", "{5EE335E4-3D3E-4548-A0CC-65CD11ADDFD6}"
EndProject
Global
	GlobalSection(SolutionConfigurationPlatforms) = preSolution
		Debug|Any CPU = Debug|Any CPU
		Release|Any CPU = Release|Any CPU
	EndGlobalSection
	GlobalSection(ProjectConfigurationPlatforms) = postSolution
		{5EE335E4-3D3E-4548-A0CC-65CD11ADDFD6}.Debug|Any CPU.ActiveCfg = Debug|Any CPU
		{5EE335E4-3D3E-4548-A0CC-65CD11ADDFD6}.Debug|Any CPU.Build.0 = Debug|Any CPU
		{5EE335E4-3D3E-4548-A0CC-65CD11ADDFD6}.Release|Any CPU.ActiveCfg = Release|Any CPU
		{5EE335E4-3D3E-4548-A0CC-65CD11ADDFD6}.Release|Any CPU.Build.0 = Release|Any CPU
	EndGlobalSection
	GlobalSection(SolutionProperties) = preSolution
		HideSolutionNode = FALSE
	EndGlobalSection
	GlobalSection(ExtensibilityGlobals) = postSolution
		SolutionGuid = {852FC859-035C-40F8-93BF-000BDE1DA885}
	EndGlobalSection
EndGlobal
