
Microsoft Visual Studio Solution File, Format Version 12.00
# Visual Studio 15
VisualStudioVersion = 15.0.28307.421
MinimumVisualStudioVersion = 10.0.40219.1
Project("{FAE04EC0-301F-11D3-BF4B-00C04F79EFBC}") = "Zajecia_07.05.19", "Zajecia_07.05.19\Zajecia_07.05.19.csproj", "{D19970C4-AE21-4230-B68A-85793328A311}"
EndProject
Global
	GlobalSection(SolutionConfigurationPlatforms) = preSolution
		Debug|Any CPU = Debug|Any CPU
		Release|Any CPU = Release|Any CPU
	EndGlobalSection
	GlobalSection(ProjectConfigurationPlatforms) = postSolution
		{D19970C4-AE21-4230-B68A-85793328A311}.Debug|Any CPU.ActiveCfg = Debug|Any CPU
		{D19970C4-AE21-4230-B68A-85793328A311}.Debug|Any CPU.Build.0 = Debug|Any CPU
		{D19970C4-AE21-4230-B68A-85793328A311}.Release|Any CPU.ActiveCfg = Release|Any CPU
		{D19970C4-AE21-4230-B68A-85793328A311}.Release|Any CPU.Build.0 = Release|Any CPU
	EndGlobalSection
	GlobalSection(SolutionProperties) = preSolution
		HideSolutionNode = FALSE
	EndGlobalSection
	GlobalSection(ExtensibilityGlobals) = postSolution
		SolutionGuid = {2FA5C905-806B-4666-8D76-CD1A6CB5F2FC}
	EndGlobalSection
EndGlobal
