
Microsoft Visual Studio Solution File, Format Version 12.00
# Visual Studio 15
VisualStudioVersion = 15.0.28010.2046
MinimumVisualStudioVersion = 10.0.40219.1
Project("{FAE04EC0-301F-11D3-BF4B-00C04F79EFBC}") = "zadanie 6.2", "zadanie 6.2\zadanie 6.2.csproj", "{83370AA3-DC53-4C71-B6D8-12BF3F926253}"
EndProject
Global
	GlobalSection(SolutionConfigurationPlatforms) = preSolution
		Debug|Any CPU = Debug|Any CPU
		Release|Any CPU = Release|Any CPU
	EndGlobalSection
	GlobalSection(ProjectConfigurationPlatforms) = postSolution
		{83370AA3-DC53-4C71-B6D8-12BF3F926253}.Debug|Any CPU.ActiveCfg = Debug|Any CPU
		{83370AA3-DC53-4C71-B6D8-12BF3F926253}.Debug|Any CPU.Build.0 = Debug|Any CPU
		{83370AA3-DC53-4C71-B6D8-12BF3F926253}.Release|Any CPU.ActiveCfg = Release|Any CPU
		{83370AA3-DC53-4C71-B6D8-12BF3F926253}.Release|Any CPU.Build.0 = Release|Any CPU
	EndGlobalSection
	GlobalSection(SolutionProperties) = preSolution
		HideSolutionNode = FALSE
	EndGlobalSection
	GlobalSection(ExtensibilityGlobals) = postSolution
		SolutionGuid = {8653722E-25E0-4973-85A8-BE1E1DE68704}
	EndGlobalSection
EndGlobal
