
Microsoft Visual Studio Solution File, Format Version 12.00
# Visual Studio 15
VisualStudioVersion = 15.0.28010.2046
MinimumVisualStudioVersion = 10.0.40219.1
Project("{FAE04EC0-301F-11D3-BF4B-00C04F79EFBC}") = "kalkulator", "kalkulator\kalkulator.csproj", "{0B1C1840-1CA6-4394-850C-5E83E96B720A}"
EndProject
Global
	GlobalSection(SolutionConfigurationPlatforms) = preSolution
		Debug|Any CPU = Debug|Any CPU
		Release|Any CPU = Release|Any CPU
	EndGlobalSection
	GlobalSection(ProjectConfigurationPlatforms) = postSolution
		{0B1C1840-1CA6-4394-850C-5E83E96B720A}.Debug|Any CPU.ActiveCfg = Debug|Any CPU
		{0B1C1840-1CA6-4394-850C-5E83E96B720A}.Debug|Any CPU.Build.0 = Debug|Any CPU
		{0B1C1840-1CA6-4394-850C-5E83E96B720A}.Release|Any CPU.ActiveCfg = Release|Any CPU
		{0B1C1840-1CA6-4394-850C-5E83E96B720A}.Release|Any CPU.Build.0 = Release|Any CPU
	EndGlobalSection
	GlobalSection(SolutionProperties) = preSolution
		HideSolutionNode = FALSE
	EndGlobalSection
	GlobalSection(ExtensibilityGlobals) = postSolution
		SolutionGuid = {0414B005-B12B-4353-96E1-C66728617285}
	EndGlobalSection
EndGlobal
