
Microsoft Visual Studio Solution File, Format Version 12.00
# Visual Studio 15
VisualStudioVersion = 15.0.28010.2046
MinimumVisualStudioVersion = 10.0.40219.1
Project("{FAE04EC0-301F-11D3-BF4B-00C04F79EFBC}") = "Zadanie 13.1", "Zadanie 13.1\Zadanie 13.1.csproj", "{3DB88C20-BD51-4A05-B708-E74617E54A7F}"
EndProject
Global
	GlobalSection(SolutionConfigurationPlatforms) = preSolution
		Debug|Any CPU = Debug|Any CPU
		Release|Any CPU = Release|Any CPU
	EndGlobalSection
	GlobalSection(ProjectConfigurationPlatforms) = postSolution
		{3DB88C20-BD51-4A05-B708-E74617E54A7F}.Debug|Any CPU.ActiveCfg = Debug|Any CPU
		{3DB88C20-BD51-4A05-B708-E74617E54A7F}.Debug|Any CPU.Build.0 = Debug|Any CPU
		{3DB88C20-BD51-4A05-B708-E74617E54A7F}.Release|Any CPU.ActiveCfg = Release|Any CPU
		{3DB88C20-BD51-4A05-B708-E74617E54A7F}.Release|Any CPU.Build.0 = Release|Any CPU
	EndGlobalSection
	GlobalSection(SolutionProperties) = preSolution
		HideSolutionNode = FALSE
	EndGlobalSection
	GlobalSection(ExtensibilityGlobals) = postSolution
		SolutionGuid = {D46C62B9-389A-45E8-A1C8-AB926206FECC}
	EndGlobalSection
EndGlobal
