
Microsoft Visual Studio Solution File, Format Version 12.00
# Visual Studio 15
VisualStudioVersion = 15.0.28010.2046
MinimumVisualStudioVersion = 10.0.40219.1
Project("{FAE04EC0-301F-11D3-BF4B-00C04F79EFBC}") = "zajęcia_23.10.2018_part1", "zajęcia_23.10.2018_part1\zajęcia_23.10.2018_part1.csproj", "{74B1E5AB-BADF-40CF-8605-600860AB4619}"
EndProject
Global
	GlobalSection(SolutionConfigurationPlatforms) = preSolution
		Debug|Any CPU = Debug|Any CPU
		Release|Any CPU = Release|Any CPU
	EndGlobalSection
	GlobalSection(ProjectConfigurationPlatforms) = postSolution
		{74B1E5AB-BADF-40CF-8605-600860AB4619}.Debug|Any CPU.ActiveCfg = Debug|Any CPU
		{74B1E5AB-BADF-40CF-8605-600860AB4619}.Debug|Any CPU.Build.0 = Debug|Any CPU
		{74B1E5AB-BADF-40CF-8605-600860AB4619}.Release|Any CPU.ActiveCfg = Release|Any CPU
		{74B1E5AB-BADF-40CF-8605-600860AB4619}.Release|Any CPU.Build.0 = Release|Any CPU
	EndGlobalSection
	GlobalSection(SolutionProperties) = preSolution
		HideSolutionNode = FALSE
	EndGlobalSection
	GlobalSection(ExtensibilityGlobals) = postSolution
		SolutionGuid = {0924F493-55F1-4189-B6D6-1CA018CCB04B}
	EndGlobalSection
EndGlobal
