
Microsoft Visual Studio Solution File, Format Version 12.00
# Visual Studio 15
VisualStudioVersion = 15.0.28010.2046
MinimumVisualStudioVersion = 10.0.40219.1
Project("{FAE04EC0-301F-11D3-BF4B-00C04F79EFBC}") = "Przed_II_Kolosem", "Przed_II_Kolosem\Przed_II_Kolosem.csproj", "{F50039EA-00CF-4BFC-B2F3-CB2C371F7809}"
EndProject
Global
	GlobalSection(SolutionConfigurationPlatforms) = preSolution
		Debug|Any CPU = Debug|Any CPU
		Release|Any CPU = Release|Any CPU
	EndGlobalSection
	GlobalSection(ProjectConfigurationPlatforms) = postSolution
		{F50039EA-00CF-4BFC-B2F3-CB2C371F7809}.Debug|Any CPU.ActiveCfg = Debug|Any CPU
		{F50039EA-00CF-4BFC-B2F3-CB2C371F7809}.Debug|Any CPU.Build.0 = Debug|Any CPU
		{F50039EA-00CF-4BFC-B2F3-CB2C371F7809}.Release|Any CPU.ActiveCfg = Release|Any CPU
		{F50039EA-00CF-4BFC-B2F3-CB2C371F7809}.Release|Any CPU.Build.0 = Release|Any CPU
	EndGlobalSection
	GlobalSection(SolutionProperties) = preSolution
		HideSolutionNode = FALSE
	EndGlobalSection
	GlobalSection(ExtensibilityGlobals) = postSolution
		SolutionGuid = {5C5C00E9-393B-4F6D-B0FF-0F8355778720}
	EndGlobalSection
EndGlobal
