
Microsoft Visual Studio Solution File, Format Version 12.00
# Visual Studio 15
VisualStudioVersion = 15.0.28307.421
MinimumVisualStudioVersion = 10.0.40219.1
Project("{FAE04EC0-301F-11D3-BF4B-00C04F79EFBC}") = "Zadania_przed_2_kolosem", "Zadania_przed_2_kolosem\Zadania_przed_2_kolosem.csproj", "{1E7CF014-255A-4E71-B551-D164D734DB6C}"
EndProject
Global
	GlobalSection(SolutionConfigurationPlatforms) = preSolution
		Debug|Any CPU = Debug|Any CPU
		Release|Any CPU = Release|Any CPU
	EndGlobalSection
	GlobalSection(ProjectConfigurationPlatforms) = postSolution
		{1E7CF014-255A-4E71-B551-D164D734DB6C}.Debug|Any CPU.ActiveCfg = Debug|Any CPU
		{1E7CF014-255A-4E71-B551-D164D734DB6C}.Debug|Any CPU.Build.0 = Debug|Any CPU
		{1E7CF014-255A-4E71-B551-D164D734DB6C}.Release|Any CPU.ActiveCfg = Release|Any CPU
		{1E7CF014-255A-4E71-B551-D164D734DB6C}.Release|Any CPU.Build.0 = Release|Any CPU
	EndGlobalSection
	GlobalSection(SolutionProperties) = preSolution
		HideSolutionNode = FALSE
	EndGlobalSection
	GlobalSection(ExtensibilityGlobals) = postSolution
		SolutionGuid = {D3BBD4B8-4158-48D3-8D20-5AB342F153FA}
	EndGlobalSection
EndGlobal
