
Microsoft Visual Studio Solution File, Format Version 12.00
# Visual Studio 15
VisualStudioVersion = 15.0.28010.2046
MinimumVisualStudioVersion = 10.0.40219.1
Project("{FAE04EC0-301F-11D3-BF4B-00C04F79EFBC}") = "Dictionary", "Dictionary\Dictionary.csproj", "{F611051D-57AE-4882-B375-ECB1BCD7E5EF}"
EndProject
Global
	GlobalSection(SolutionConfigurationPlatforms) = preSolution
		Debug|Any CPU = Debug|Any CPU
		Release|Any CPU = Release|Any CPU
	EndGlobalSection
	GlobalSection(ProjectConfigurationPlatforms) = postSolution
		{F611051D-57AE-4882-B375-ECB1BCD7E5EF}.Debug|Any CPU.ActiveCfg = Debug|Any CPU
		{F611051D-57AE-4882-B375-ECB1BCD7E5EF}.Debug|Any CPU.Build.0 = Debug|Any CPU
		{F611051D-57AE-4882-B375-ECB1BCD7E5EF}.Release|Any CPU.ActiveCfg = Release|Any CPU
		{F611051D-57AE-4882-B375-ECB1BCD7E5EF}.Release|Any CPU.Build.0 = Release|Any CPU
	EndGlobalSection
	GlobalSection(SolutionProperties) = preSolution
		HideSolutionNode = FALSE
	EndGlobalSection
	GlobalSection(ExtensibilityGlobals) = postSolution
		SolutionGuid = {BF663AFE-133C-4678-9F59-94E2EB094E68}
	EndGlobalSection
EndGlobal
